
Microsoft Visual Studio Solution File, Format Version 12.00
# Visual Studio 15
VisualStudioVersion = 15.0.28010.2003
MinimumVisualStudioVersion = 10.0.40219.1
Project("{FAE04EC0-301F-11D3-BF4B-00C04F79EFBC}") = "api", "api\api.csproj", "{3C3E064C-7B77-4E8A-99B3-DA78991E4BCA}"
EndProject
Global
	GlobalSection(SolutionConfigurationPlatforms) = preSolution
		Debug|Any CPU = Debug|Any CPU
		Release|Any CPU = Release|Any CPU
	EndGlobalSection
	GlobalSection(ProjectConfigurationPlatforms) = postSolution
		{3C3E064C-7B77-4E8A-99B3-DA78991E4BCA}.Debug|Any CPU.ActiveCfg = Debug|Any CPU
		{3C3E064C-7B77-4E8A-99B3-DA78991E4BCA}.Debug|Any CPU.Build.0 = Debug|Any CPU
		{3C3E064C-7B77-4E8A-99B3-DA78991E4BCA}.Release|Any CPU.ActiveCfg = Release|Any CPU
		{3C3E064C-7B77-4E8A-99B3-DA78991E4BCA}.Release|Any CPU.Build.0 = Release|Any CPU
	EndGlobalSection
	GlobalSection(SolutionProperties) = preSolution
		HideSolutionNode = FALSE
	EndGlobalSection
	GlobalSection(ExtensibilityGlobals) = postSolution
		SolutionGuid = {8BA8F95D-8AAA-47F5-A4CF-23D1E049874F}
	EndGlobalSection
EndGlobal
